
Microsoft Visual Studio Solution File, Format Version 12.00
# Visual Studio Version 16
VisualStudioVersion = 16.0.31729.503
MinimumVisualStudioVersion = 10.0.40219.1
Project("{FAE04EC0-301F-11D3-BF4B-00C04F79EFBC}") = "DevSerene.Web", "DevSerene\DevSerene.Web\DevSerene.Web.csproj", "{1C5A59BB-6F58-4BEB-8612-B466302E0ADE}"
EndProject
Global
	GlobalSection(SolutionConfigurationPlatforms) = preSolution
		Debug|Any CPU = Debug|Any CPU
		Release|Any CPU = Release|Any CPU
	EndGlobalSection
	GlobalSection(ProjectConfigurationPlatforms) = postSolution
		{1C5A59BB-6F58-4BEB-8612-B466302E0ADE}.Debug|Any CPU.ActiveCfg = Debug|Any CPU
		{1C5A59BB-6F58-4BEB-8612-B466302E0ADE}.Debug|Any CPU.Build.0 = Debug|Any CPU
		{1C5A59BB-6F58-4BEB-8612-B466302E0ADE}.Release|Any CPU.ActiveCfg = Release|Any CPU
		{1C5A59BB-6F58-4BEB-8612-B466302E0ADE}.Release|Any CPU.Build.0 = Release|Any CPU
	EndGlobalSection
	GlobalSection(SolutionProperties) = preSolution
		HideSolutionNode = FALSE
	EndGlobalSection
	GlobalSection(ExtensibilityGlobals) = postSolution
		SolutionGuid = {F4852791-1556-40AA-96AA-A7865E361CC2}
	EndGlobalSection
EndGlobal
